// !$*UTF8*$!
{
	archiveVersion = 1;
	classes = {
	};
	objectVersion = 46;
	objects = {

/* Begin PBXBuildFile section */
		183972E61FBAD37F0016EE45 /* AUGraphMixer.m in Sources */ = {isa = PBXBuildFile; fileRef = 183972E51FBAD37F0016EE45 /* AUGraphMixer.m */; };
		1858C1FD1FAABC2E00DFBAF1 /* main.m in Sources */ = {isa = PBXBuildFile; fileRef = 1858C1FC1FAABC2E00DFBAF1 /* main.m */; };
		1858C2001FAABC2E00DFBAF1 /* AppDelegate.m in Sources */ = {isa = PBXBuildFile; fileRef = 1858C1FF1FAABC2E00DFBAF1 /* AppDelegate.m */; };
		1858C2031FAABC2E00DFBAF1 /* ViewController.m in Sources */ = {isa = PBXBuildFile; fileRef = 1858C2021FAABC2E00DFBAF1 /* ViewController.m */; };
		1858C2061FAABC2E00DFBAF1 /* Main.storyboard in Resources */ = {isa = PBXBuildFile; fileRef = 1858C2041FAABC2E00DFBAF1 /* Main.storyboard */; };
		1858C2081FAABC2E00DFBAF1 /* Assets.xcassets in Resources */ = {isa = PBXBuildFile; fileRef = 1858C2071FAABC2E00DFBAF1 /* Assets.xcassets */; };
		1858C20B1FAABC2E00DFBAF1 /* LaunchScreen.storyboard in Resources */ = {isa = PBXBuildFile; fileRef = 1858C2091FAABC2E00DFBAF1 /* LaunchScreen.storyboard */; };
		1858C2121FAABCFC00DFBAF1 /* TFMusicListViewController.m in Sources */ = {isa = PBXBuildFile; fileRef = 1858C2111FAABCFC00DFBAF1 /* TFMusicListViewController.m */; };
		1858C2171FAAC0D200DFBAF1 /* AudioToolbox.framework in Frameworks */ = {isa = PBXBuildFile; fileRef = 1858C2161FAAC0D200DFBAF1 /* AudioToolbox.framework */; };
		1858C21B1FAAC0DE00DFBAF1 /* CoreAudio.framework in Frameworks */ = {isa = PBXBuildFile; fileRef = 1858C21A1FAAC0DE00DFBAF1 /* CoreAudio.framework */; };
		1858C21C1FAAC0E600DFBAF1 /* AVFoundation.framework in Frameworks */ = {isa = PBXBuildFile; fileRef = 185AC6501F59098400A154C0 /* AVFoundation.framework */; };
		1858C2231FAAC37F00DFBAF1 /* background.mp3 in Resources */ = {isa = PBXBuildFile; fileRef = 1858C21E1FAAC37F00DFBAF1 /* background.mp3 */; };
		1858C2241FAAC37F00DFBAF1 /* effect2.mp3 in Resources */ = {isa = PBXBuildFile; fileRef = 1858C21F1FAAC37F00DFBAF1 /* effect2.mp3 */; };
		1858C2251FAAC37F00DFBAF1 /* FX084.mp3 in Resources */ = {isa = PBXBuildFile; fileRef = 1858C2201FAAC37F00DFBAF1 /* FX084.mp3 */; };
		1858C2261FAAC37F00DFBAF1 /* LuckyDay.mp3 in Resources */ = {isa = PBXBuildFile; fileRef = 1858C2211FAAC37F00DFBAF1 /* LuckyDay.mp3 */; };
		1858C2271FAAC37F00DFBAF1 /* SmallFile.mp3 in Resources */ = {isa = PBXBuildFile; fileRef = 1858C2221FAAC37F00DFBAF1 /* SmallFile.mp3 */; };
		1858C2311FAB0D3400DFBAF1 /* TFAudioFileReader.m in Sources */ = {isa = PBXBuildFile; fileRef = 1858C2301FAB0D3400DFBAF1 /* TFAudioFileReader.m */; };
		C389A1E022658213000B62A5 /* test.mp3 in Resources */ = {isa = PBXBuildFile; fileRef = C389A1DE22658212000B62A5 /* test.mp3 */; };
		C389A1E322658324000B62A5 /* chushan.mp3 in Resources */ = {isa = PBXBuildFile; fileRef = C389A1E222658324000B62A5 /* chushan.mp3 */; };
		C389A1E8226588D2000B62A5 /* TFAudioOutput.m in Sources */ = {isa = PBXBuildFile; fileRef = C389A1E6226588D2000B62A5 /* TFAudioOutput.m */; };
		C389A1EB2265890C000B62A5 /* TFAudioBufferData.c in Sources */ = {isa = PBXBuildFile; fileRef = C389A1EA2265890C000B62A5 /* TFAudioBufferData.c */; };
		C389A1EE2265892F000B62A5 /* TFMediaDataAnalyzer.m in Sources */ = {isa = PBXBuildFile; fileRef = C389A1ED2265892E000B62A5 /* TFMediaDataAnalyzer.m */; };
		C389A1F122658950000B62A5 /* TFAudioUnitPlayer.m in Sources */ = {isa = PBXBuildFile; fileRef = C389A1F022658950000B62A5 /* TFAudioUnitPlayer.m */; };
		C389A1F42265896B000B62A5 /* NSString+convience.m in Sources */ = {isa = PBXBuildFile; fileRef = C389A1F22265896B000B62A5 /* NSString+convience.m */; };
		C389A1F8226589AA000B62A5 /* TFAudioFileWriter.m in Sources */ = {isa = PBXBuildFile; fileRef = C389A1F6226589A9000B62A5 /* TFAudioFileWriter.m */; };
		C389A1FB226589BE000B62A5 /* TFMediaListViewController.m in Sources */ = {isa = PBXBuildFile; fileRef = C389A1F9226589BE000B62A5 /* TFMediaListViewController.m */; };
		C389A1FE226589D1000B62A5 /* TFMediaCell.m in Sources */ = {isa = PBXBuildFile; fileRef = C389A1FC226589D0000B62A5 /* TFMediaCell.m */; };
		C389A201226589E6000B62A5 /* TFVideoProcessor.m in Sources */ = {isa = PBXBuildFile; fileRef = C389A200226589E6000B62A5 /* TFVideoProcessor.m */; };
/* End PBXBuildFile section */

/* Begin PBXFileReference section */
		183972E41FBAD37F0016EE45 /* AUGraphMixer.h */ = {isa = PBXFileReference; fileEncoding = 4; lastKnownFileType = sourcecode.c.h; path = AUGraphMixer.h; sourceTree = "<group>"; };
		183972E51FBAD37F0016EE45 /* AUGraphMixer.m */ = {isa = PBXFileReference; fileEncoding = 4; lastKnownFileType = sourcecode.c.objc; path = AUGraphMixer.m; sourceTree = "<group>"; };
		185828921F5EA7E50088C5C3 /* VideoToolbox.framework */ = {isa = PBXFileReference; lastKnownFileType = wrapper.framework; name = VideoToolbox.framework; path = System/Library/Frameworks/VideoToolbox.framework; sourceTree = SDKROOT; };
		185828941F5EA7ED0088C5C3 /* CoreVideo.framework */ = {isa = PBXFileReference; lastKnownFileType = wrapper.framework; name = CoreVideo.framework; path = System/Library/Frameworks/CoreVideo.framework; sourceTree = SDKROOT; };
		185828961F5EA8130088C5C3 /* CoreMedia.framework */ = {isa = PBXFileReference; lastKnownFileType = wrapper.framework; name = CoreMedia.framework; path = System/Library/Frameworks/CoreMedia.framework; sourceTree = SDKROOT; };
		185828981F5EA82F0088C5C3 /* libz.tbd */ = {isa = PBXFileReference; lastKnownFileType = "sourcecode.text-based-dylib-definition"; name = libz.tbd; path = usr/lib/libz.tbd; sourceTree = SDKROOT; };
		1858289A1F5EA8870088C5C3 /* libbz2.tbd */ = {isa = PBXFileReference; lastKnownFileType = "sourcecode.text-based-dylib-definition"; name = libbz2.tbd; path = usr/lib/libbz2.tbd; sourceTree = SDKROOT; };
		1858289C1F5EA8B00088C5C3 /* libiconv.tbd */ = {isa = PBXFileReference; lastKnownFileType = "sourcecode.text-based-dylib-definition"; name = libiconv.tbd; path = usr/lib/libiconv.tbd; sourceTree = SDKROOT; };
		1858C1F91FAABC2E00DFBAF1 /* AudioMusicMixer.app */ = {isa = PBXFileReference; explicitFileType = wrapper.application; includeInIndex = 0; path = AudioMusicMixer.app; sourceTree = BUILT_PRODUCTS_DIR; };
		1858C1FC1FAABC2E00DFBAF1 /* main.m */ = {isa = PBXFileReference; lastKnownFileType = sourcecode.c.objc; path = main.m; sourceTree = "<group>"; };
		1858C1FE1FAABC2E00DFBAF1 /* AppDelegate.h */ = {isa = PBXFileReference; lastKnownFileType = sourcecode.c.h; path = AppDelegate.h; sourceTree = "<group>"; };
		1858C1FF1FAABC2E00DFBAF1 /* AppDelegate.m */ = {isa = PBXFileReference; lastKnownFileType = sourcecode.c.objc; path = AppDelegate.m; sourceTree = "<group>"; };
		1858C2011FAABC2E00DFBAF1 /* ViewController.h */ = {isa = PBXFileReference; lastKnownFileType = sourcecode.c.h; path = ViewController.h; sourceTree = "<group>"; };
		1858C2021FAABC2E00DFBAF1 /* ViewController.m */ = {isa = PBXFileReference; lastKnownFileType = sourcecode.c.objc; path = ViewController.m; sourceTree = "<group>"; };
		1858C2051FAABC2E00DFBAF1 /* Base */ = {isa = PBXFileReference; lastKnownFileType = file.storyboard; name = Base; path = Base.lproj/Main.storyboard; sourceTree = "<group>"; };
		1858C2071FAABC2E00DFBAF1 /* Assets.xcassets */ = {isa = PBXFileReference; lastKnownFileType = folder.assetcatalog; path = Assets.xcassets; sourceTree = "<group>"; };
		1858C20A1FAABC2E00DFBAF1 /* Base */ = {isa = PBXFileReference; lastKnownFileType = file.storyboard; name = Base; path = Base.lproj/LaunchScreen.storyboard; sourceTree = "<group>"; };
		1858C20C1FAABC2E00DFBAF1 /* Info.plist */ = {isa = PBXFileReference; lastKnownFileType = text.plist.xml; path = Info.plist; sourceTree = "<group>"; };
		1858C2101FAABCFC00DFBAF1 /* TFMusicListViewController.h */ = {isa = PBXFileReference; fileEncoding = 4; lastKnownFileType = sourcecode.c.h; path = TFMusicListViewController.h; sourceTree = "<group>"; };
		1858C2111FAABCFC00DFBAF1 /* TFMusicListViewController.m */ = {isa = PBXFileReference; fileEncoding = 4; lastKnownFileType = sourcecode.c.objc; path = TFMusicListViewController.m; sourceTree = "<group>"; };
		1858C2161FAAC0D200DFBAF1 /* AudioToolbox.framework */ = {isa = PBXFileReference; lastKnownFileType = wrapper.framework; name = AudioToolbox.framework; path = System/Library/Frameworks/AudioToolbox.framework; sourceTree = SDKROOT; };
		1858C2181FAAC0D900DFBAF1 /* AudioUnit.framework */ = {isa = PBXFileReference; lastKnownFileType = wrapper.framework; name = AudioUnit.framework; path = System/Library/Frameworks/AudioUnit.framework; sourceTree = SDKROOT; };
		1858C21A1FAAC0DE00DFBAF1 /* CoreAudio.framework */ = {isa = PBXFileReference; lastKnownFileType = wrapper.framework; name = CoreAudio.framework; path = System/Library/Frameworks/CoreAudio.framework; sourceTree = SDKROOT; };
		1858C21E1FAAC37F00DFBAF1 /* background.mp3 */ = {isa = PBXFileReference; lastKnownFileType = audio.mp3; path = background.mp3; sourceTree = "<group>"; };
		1858C21F1FAAC37F00DFBAF1 /* effect2.mp3 */ = {isa = PBXFileReference; lastKnownFileType = audio.mp3; path = effect2.mp3; sourceTree = "<group>"; };
		1858C2201FAAC37F00DFBAF1 /* FX084.mp3 */ = {isa = PBXFileReference; lastKnownFileType = audio.mp3; path = FX084.mp3; sourceTree = "<group>"; };
		1858C2211FAAC37F00DFBAF1 /* LuckyDay.mp3 */ = {isa = PBXFileReference; lastKnownFileType = audio.mp3; path = LuckyDay.mp3; sourceTree = "<group>"; };
		1858C2221FAAC37F00DFBAF1 /* SmallFile.mp3 */ = {isa = PBXFileReference; lastKnownFileType = audio.mp3; path = SmallFile.mp3; sourceTree = "<group>"; };
		1858C22F1FAB0D3400DFBAF1 /* TFAudioFileReader.h */ = {isa = PBXFileReference; fileEncoding = 4; lastKnownFileType = sourcecode.c.h; path = TFAudioFileReader.h; sourceTree = "<group>"; };
		1858C2301FAB0D3400DFBAF1 /* TFAudioFileReader.m */ = {isa = PBXFileReference; fileEncoding = 4; lastKnownFileType = sourcecode.c.objc; path = TFAudioFileReader.m; sourceTree = "<group>"; };
		185AC6501F59098400A154C0 /* AVFoundation.framework */ = {isa = PBXFileReference; lastKnownFileType = wrapper.framework; name = AVFoundation.framework; path = System/Library/Frameworks/AVFoundation.framework; sourceTree = SDKROOT; };
		185AC6521F59098E00A154C0 /* MobileCoreServices.framework */ = {isa = PBXFileReference; lastKnownFileType = wrapper.framework; name = MobileCoreServices.framework; path = System/Library/Frameworks/MobileCoreServices.framework; sourceTree = SDKROOT; };
		1861D6661F5AA1A50074D8B9 /* GLKit.framework */ = {isa = PBXFileReference; lastKnownFileType = wrapper.framework; name = GLKit.framework; path = System/Library/Frameworks/GLKit.framework; sourceTree = SDKROOT; };
		1880B5341FB57A1A00C652E8 /* AudioMusicMixer copy-Info.plist */ = {isa = PBXFileReference; lastKnownFileType = text.plist.xml; name = "AudioMusicMixer copy-Info.plist"; path = "/Users/apple/myGit/VideoGather/AudioMusicMixer copy-Info.plist"; sourceTree = "<absolute>"; };
		68CEE9AD81A6357AD09CAB5D /* libPods-VideoGather.a */ = {isa = PBXFileReference; explicitFileType = archive.ar; includeInIndex = 0; path = "libPods-VideoGather.a"; sourceTree = BUILT_PRODUCTS_DIR; };
		73C62082D56A8E28A55CE9CB /* Pods-VideoGather.debug.xcconfig */ = {isa = PBXFileReference; includeInIndex = 1; lastKnownFileType = text.xcconfig; name = "Pods-VideoGather.debug.xcconfig"; path = "Pods/Target Support Files/Pods-VideoGather/Pods-VideoGather.debug.xcconfig"; sourceTree = "<group>"; };
		C389A1DE22658212000B62A5 /* test.mp3 */ = {isa = PBXFileReference; lastKnownFileType = audio.mp3; path = test.mp3; sourceTree = "<group>"; };
		C389A1E222658324000B62A5 /* chushan.mp3 */ = {isa = PBXFileReference; lastKnownFileType = audio.mp3; path = chushan.mp3; sourceTree = "<group>"; };
		C389A1E4226588B5000B62A5 /* TFStatusChecker.h */ = {isa = PBXFileReference; fileEncoding = 4; lastKnownFileType = sourcecode.c.h; path = TFStatusChecker.h; sourceTree = "<group>"; };
		C389A1E5226588D2000B62A5 /* TFAudioOutput.h */ = {isa = PBXFileReference; fileEncoding = 4; lastKnownFileType = sourcecode.c.h; path = TFAudioOutput.h; sourceTree = "<group>"; };
		C389A1E6226588D2000B62A5 /* TFAudioOutput.m */ = {isa = PBXFileReference; fileEncoding = 4; lastKnownFileType = sourcecode.c.objc; path = TFAudioOutput.m; sourceTree = "<group>"; };
		C389A1E7226588D2000B62A5 /* TFAudioInput.h */ = {isa = PBXFileReference; fileEncoding = 4; lastKnownFileType = sourcecode.c.h; path = TFAudioInput.h; sourceTree = "<group>"; };
		C389A1E92265890C000B62A5 /* TFAudioBufferData.h */ = {isa = PBXFileReference; fileEncoding = 4; lastKnownFileType = sourcecode.c.h; path = TFAudioBufferData.h; sourceTree = "<group>"; };
		C389A1EA2265890C000B62A5 /* TFAudioBufferData.c */ = {isa = PBXFileReference; fileEncoding = 4; lastKnownFileType = sourcecode.c.c; path = TFAudioBufferData.c; sourceTree = "<group>"; };
		C389A1EC2265892E000B62A5 /* TFMediaDataAnalyzer.h */ = {isa = PBXFileReference; fileEncoding = 4; lastKnownFileType = sourcecode.c.h; path = TFMediaDataAnalyzer.h; sourceTree = "<group>"; };
		C389A1ED2265892E000B62A5 /* TFMediaDataAnalyzer.m */ = {isa = PBXFileReference; fileEncoding = 4; lastKnownFileType = sourcecode.c.objc; path = TFMediaDataAnalyzer.m; sourceTree = "<group>"; };
		C389A1EF22658950000B62A5 /* TFAudioUnitPlayer.h */ = {isa = PBXFileReference; fileEncoding = 4; lastKnownFileType = sourcecode.c.h; path = TFAudioUnitPlayer.h; sourceTree = "<group>"; };
		C389A1F022658950000B62A5 /* TFAudioUnitPlayer.m */ = {isa = PBXFileReference; fileEncoding = 4; lastKnownFileType = sourcecode.c.objc; path = TFAudioUnitPlayer.m; sourceTree = "<group>"; };
		C389A1F22265896B000B62A5 /* NSString+convience.m */ = {isa = PBXFileReference; fileEncoding = 4; lastKnownFileType = sourcecode.c.objc; path = "NSString+convience.m"; sourceTree = "<group>"; };
		C389A1F32265896B000B62A5 /* NSString+convience.h */ = {isa = PBXFileReference; fileEncoding = 4; lastKnownFileType = sourcecode.c.h; path = "NSString+convience.h"; sourceTree = "<group>"; };
		C389A1F52265898C000B62A5 /* TFAudioReader.h */ = {isa = PBXFileReference; fileEncoding = 4; lastKnownFileType = sourcecode.c.h; path = TFAudioReader.h; sourceTree = "<group>"; };
		C389A1F6226589A9000B62A5 /* TFAudioFileWriter.m */ = {isa = PBXFileReference; fileEncoding = 4; lastKnownFileType = sourcecode.c.objc; path = TFAudioFileWriter.m; sourceTree = "<group>"; };
		C389A1F7226589AA000B62A5 /* TFAudioFileWriter.h */ = {isa = PBXFileReference; fileEncoding = 4; lastKnownFileType = sourcecode.c.h; path = TFAudioFileWriter.h; sourceTree = "<group>"; };
		C389A1F9226589BE000B62A5 /* TFMediaListViewController.m */ = {isa = PBXFileReference; fileEncoding = 4; lastKnownFileType = sourcecode.c.objc; path = TFMediaListViewController.m; sourceTree = "<group>"; };
		C389A1FA226589BE000B62A5 /* TFMediaListViewController.h */ = {isa = PBXFileReference; fileEncoding = 4; lastKnownFileType = sourcecode.c.h; path = TFMediaListViewController.h; sourceTree = "<group>"; };
		C389A1FC226589D0000B62A5 /* TFMediaCell.m */ = {isa = PBXFileReference; fileEncoding = 4; lastKnownFileType = sourcecode.c.objc; path = TFMediaCell.m; sourceTree = "<group>"; };
		C389A1FD226589D0000B62A5 /* TFMediaCell.h */ = {isa = PBXFileReference; fileEncoding = 4; lastKnownFileType = sourcecode.c.h; path = TFMediaCell.h; sourceTree = "<group>"; };
		C389A1FF226589E6000B62A5 /* TFVideoProcessor.h */ = {isa = PBXFileReference; fileEncoding = 4; lastKnownFileType = sourcecode.c.h; path = TFVideoProcessor.h; sourceTree = "<group>"; };
		C389A200226589E6000B62A5 /* TFVideoProcessor.m */ = {isa = PBXFileReference; fileEncoding = 4; lastKnownFileType = sourcecode.c.objc; path = TFVideoProcessor.m; sourceTree = "<group>"; };
		E4F6AE68AF4C3112AD7C41FB /* Pods-VideoGather.release.xcconfig */ = {isa = PBXFileReference; includeInIndex = 1; lastKnownFileType = text.xcconfig; name = "Pods-VideoGather.release.xcconfig"; path = "Pods/Target Support Files/Pods-VideoGather/Pods-VideoGather.release.xcconfig"; sourceTree = "<group>"; };
/* End PBXFileReference section */

/* Begin PBXFrameworksBuildPhase section */
		1858C1F61FAABC2E00DFBAF1 /* Frameworks */ = {
			isa = PBXFrameworksBuildPhase;
			buildActionMask = 2147483647;
			files = (
				1858C21C1FAAC0E600DFBAF1 /* AVFoundation.framework in Frameworks */,
				1858C21B1FAAC0DE00DFBAF1 /* CoreAudio.framework in Frameworks */,
				1858C2171FAAC0D200DFBAF1 /* AudioToolbox.framework in Frameworks */,
			);
			runOnlyForDeploymentPostprocessing = 0;
		};
/* End PBXFrameworksBuildPhase section */

/* Begin PBXGroup section */
		0085FFDDC989CC1069D0B62B /* Pods */ = {
			isa = PBXGroup;
			children = (
				73C62082D56A8E28A55CE9CB /* Pods-VideoGather.debug.xcconfig */,
				E4F6AE68AF4C3112AD7C41FB /* Pods-VideoGather.release.xcconfig */,
			);
			name = Pods;
			sourceTree = "<group>";
		};
		183EF0B91F57C35F00E21DB4 = {
			isa = PBXGroup;
			children = (
				1858C1FA1FAABC2E00DFBAF1 /* AudioMusicMixer */,
				183EF0C31F57C35F00E21DB4 /* Products */,
				185AC64F1F59098400A154C0 /* Frameworks */,
				0085FFDDC989CC1069D0B62B /* Pods */,
				1880B5341FB57A1A00C652E8 /* AudioMusicMixer copy-Info.plist */,
			);
			sourceTree = "<group>";
		};
		183EF0C31F57C35F00E21DB4 /* Products */ = {
			isa = PBXGroup;
			children = (
				1858C1F91FAABC2E00DFBAF1 /* AudioMusicMixer.app */,
			);
			name = Products;
			sourceTree = "<group>";
		};
		1858C1FA1FAABC2E00DFBAF1 /* AudioMusicMixer */ = {
			isa = PBXGroup;
			children = (
				1858C21D1FAAC37500DFBAF1 /* music */,
				1858C1FE1FAABC2E00DFBAF1 /* AppDelegate.h */,
				1858C1FF1FAABC2E00DFBAF1 /* AppDelegate.m */,
				1858C2011FAABC2E00DFBAF1 /* ViewController.h */,
				1858C2021FAABC2E00DFBAF1 /* ViewController.m */,
				1858C2101FAABCFC00DFBAF1 /* TFMusicListViewController.h */,
				1858C2111FAABCFC00DFBAF1 /* TFMusicListViewController.m */,
				C389A1FD226589D0000B62A5 /* TFMediaCell.h */,
				C389A1FC226589D0000B62A5 /* TFMediaCell.m */,
				C389A1FA226589BE000B62A5 /* TFMediaListViewController.h */,
				C389A1F9226589BE000B62A5 /* TFMediaListViewController.m */,
				183972E41FBAD37F0016EE45 /* AUGraphMixer.h */,
				183972E51FBAD37F0016EE45 /* AUGraphMixer.m */,
				1858C22F1FAB0D3400DFBAF1 /* TFAudioFileReader.h */,
				1858C2301FAB0D3400DFBAF1 /* TFAudioFileReader.m */,
				C389A1F52265898C000B62A5 /* TFAudioReader.h */,
				C389A1E7226588D2000B62A5 /* TFAudioInput.h */,
				C389A1E5226588D2000B62A5 /* TFAudioOutput.h */,
				C389A1E6226588D2000B62A5 /* TFAudioOutput.m */,
				C389A1EA2265890C000B62A5 /* TFAudioBufferData.c */,
				C389A1E92265890C000B62A5 /* TFAudioBufferData.h */,
				C389A1EF22658950000B62A5 /* TFAudioUnitPlayer.h */,
				C389A1F022658950000B62A5 /* TFAudioUnitPlayer.m */,
				C389A1F7226589AA000B62A5 /* TFAudioFileWriter.h */,
				C389A1F6226589A9000B62A5 /* TFAudioFileWriter.m */,
				C389A1FF226589E6000B62A5 /* TFVideoProcessor.h */,
				C389A200226589E6000B62A5 /* TFVideoProcessor.m */,
				C389A1EC2265892E000B62A5 /* TFMediaDataAnalyzer.h */,
				C389A1ED2265892E000B62A5 /* TFMediaDataAnalyzer.m */,
				C389A1F32265896B000B62A5 /* NSString+convience.h */,
				C389A1F22265896B000B62A5 /* NSString+convience.m */,
				C389A1E4226588B5000B62A5 /* TFStatusChecker.h */,
				1858C1FB1FAABC2E00DFBAF1 /* Supporting Files */,
			);
			path = AudioMusicMixer;
			sourceTree = "<group>";
		};
		1858C1FB1FAABC2E00DFBAF1 /* Supporting Files */ = {
			isa = PBXGroup;
			children = (
				1858C2041FAABC2E00DFBAF1 /* Main.storyboard */,
				1858C2071FAABC2E00DFBAF1 /* Assets.xcassets */,
				1858C2091FAABC2E00DFBAF1 /* LaunchScreen.storyboard */,
				1858C20C1FAABC2E00DFBAF1 /* Info.plist */,
				1858C1FC1FAABC2E00DFBAF1 /* main.m */,
			);
			name = "Supporting Files";
			sourceTree = "<group>";
		};
		1858C21D1FAAC37500DFBAF1 /* music */ = {
			isa = PBXGroup;
			children = (
				1858C21E1FAAC37F00DFBAF1 /* background.mp3 */,
				1858C21F1FAAC37F00DFBAF1 /* effect2.mp3 */,
				1858C2201FAAC37F00DFBAF1 /* FX084.mp3 */,
				1858C2211FAAC37F00DFBAF1 /* LuckyDay.mp3 */,
				1858C2221FAAC37F00DFBAF1 /* SmallFile.mp3 */,
				C389A1DE22658212000B62A5 /* test.mp3 */,
				C389A1E222658324000B62A5 /* chushan.mp3 */,
			);
			name = music;
			sourceTree = "<group>";
		};
		185AC64F1F59098400A154C0 /* Frameworks */ = {
			isa = PBXGroup;
			children = (
				1858C21A1FAAC0DE00DFBAF1 /* CoreAudio.framework */,
				1858C2181FAAC0D900DFBAF1 /* AudioUnit.framework */,
				1858C2161FAAC0D200DFBAF1 /* AudioToolbox.framework */,
				1858289C1F5EA8B00088C5C3 /* libiconv.tbd */,
				1858289A1F5EA8870088C5C3 /* libbz2.tbd */,
				185828981F5EA82F0088C5C3 /* libz.tbd */,
				185828961F5EA8130088C5C3 /* CoreMedia.framework */,
				185828941F5EA7ED0088C5C3 /* CoreVideo.framework */,
				185828921F5EA7E50088C5C3 /* VideoToolbox.framework */,
				1861D6661F5AA1A50074D8B9 /* GLKit.framework */,
				185AC6521F59098E00A154C0 /* MobileCoreServices.framework */,
				185AC6501F59098400A154C0 /* AVFoundation.framework */,
				68CEE9AD81A6357AD09CAB5D /* libPods-VideoGather.a */,
			);
			name = Frameworks;
			sourceTree = "<group>";
		};
/* End PBXGroup section */

/* Begin PBXNativeTarget section */
		1858C1F81FAABC2E00DFBAF1 /* AudioMusicMixer */ = {
			isa = PBXNativeTarget;
			buildConfigurationList = 1858C20F1FAABC2E00DFBAF1 /* Build configuration list for PBXNativeTarget "AudioMusicMixer" */;
			buildPhases = (
				1858C1F51FAABC2E00DFBAF1 /* Sources */,
				1858C1F61FAABC2E00DFBAF1 /* Frameworks */,
				1858C1F71FAABC2E00DFBAF1 /* Resources */,
			);
			buildRules = (
			);
			dependencies = (
			);
			name = AudioMusicMixer;
			productName = AudioMusicMixer;
			productReference = 1858C1F91FAABC2E00DFBAF1 /* AudioMusicMixer.app */;
			productType = "com.apple.product-type.application";
		};
/* End PBXNativeTarget section */

/* Begin PBXProject section */
		183EF0BA1F57C35F00E21DB4 /* Project object */ = {
			isa = PBXProject;
			attributes = {
				LastUpgradeCheck = 0810;
				ORGANIZATIONNAME = shiwei;
				TargetAttributes = {
					1858C1F81FAABC2E00DFBAF1 = {
						CreatedOnToolsVersion = 8.1;
						DevelopmentTeam = W2TP34G2MM;
						ProvisioningStyle = Automatic;
					};
				};
			};
			buildConfigurationList = 183EF0BD1F57C35F00E21DB4 /* Build configuration list for PBXProject "VideoGather" */;
			compatibilityVersion = "Xcode 3.2";
			developmentRegion = English;
			hasScannedForEncodings = 0;
			knownRegions = (
				en,
				Base,
			);
			mainGroup = 183EF0B91F57C35F00E21DB4;
			productRefGroup = 183EF0C31F57C35F00E21DB4 /* Products */;
			projectDirPath = "";
			projectRoot = "";
			targets = (
				1858C1F81FAABC2E00DFBAF1 /* AudioMusicMixer */,
			);
		};
/* End PBXProject section */

/* Begin PBXResourcesBuildPhase section */
		1858C1F71FAABC2E00DFBAF1 /* Resources */ = {
			isa = PBXResourcesBuildPhase;
			buildActionMask = 2147483647;
			files = (
				1858C2261FAAC37F00DFBAF1 /* LuckyDay.mp3 in Resources */,
				1858C2231FAAC37F00DFBAF1 /* background.mp3 in Resources */,
				C389A1E022658213000B62A5 /* test.mp3 in Resources */,
				1858C2251FAAC37F00DFBAF1 /* FX084.mp3 in Resources */,
				1858C20B1FAABC2E00DFBAF1 /* LaunchScreen.storyboard in Resources */,
				1858C2271FAAC37F00DFBAF1 /* SmallFile.mp3 in Resources */,
				1858C2241FAAC37F00DFBAF1 /* effect2.mp3 in Resources */,
				1858C2081FAABC2E00DFBAF1 /* Assets.xcassets in Resources */,
				1858C2061FAABC2E00DFBAF1 /* Main.storyboard in Resources */,
				C389A1E322658324000B62A5 /* chushan.mp3 in Resources */,
			);
			runOnlyForDeploymentPostprocessing = 0;
		};
/* End PBXResourcesBuildPhase section */

/* Begin PBXSourcesBuildPhase section */
		1858C1F51FAABC2E00DFBAF1 /* Sources */ = {
			isa = PBXSourcesBuildPhase;
			buildActionMask = 2147483647;
			files = (
				C389A1EE2265892F000B62A5 /* TFMediaDataAnalyzer.m in Sources */,
				C389A1FE226589D1000B62A5 /* TFMediaCell.m in Sources */,
				1858C2311FAB0D3400DFBAF1 /* TFAudioFileReader.m in Sources */,
				1858C2121FAABCFC00DFBAF1 /* TFMusicListViewController.m in Sources */,
				C389A1F42265896B000B62A5 /* NSString+convience.m in Sources */,
				183972E61FBAD37F0016EE45 /* AUGraphMixer.m in Sources */,
				C389A1EB2265890C000B62A5 /* TFAudioBufferData.c in Sources */,
				1858C2031FAABC2E00DFBAF1 /* ViewController.m in Sources */,
				C389A1F8226589AA000B62A5 /* TFAudioFileWriter.m in Sources */,
				C389A1FB226589BE000B62A5 /* TFMediaListViewController.m in Sources */,
				C389A1F122658950000B62A5 /* TFAudioUnitPlayer.m in Sources */,
				1858C2001FAABC2E00DFBAF1 /* AppDelegate.m in Sources */,
				1858C1FD1FAABC2E00DFBAF1 /* main.m in Sources */,
				C389A201226589E6000B62A5 /* TFVideoProcessor.m in Sources */,
				C389A1E8226588D2000B62A5 /* TFAudioOutput.m in Sources */,
			);
			runOnlyForDeploymentPostprocessing = 0;
		};
/* End PBXSourcesBuildPhase section */

/* Begin PBXVariantGroup section */
		1858C2041FAABC2E00DFBAF1 /* Main.storyboard */ = {
			isa = PBXVariantGroup;
			children = (
				1858C2051FAABC2E00DFBAF1 /* Base */,
			);
			name = Main.storyboard;
			sourceTree = "<group>";
		};
		1858C2091FAABC2E00DFBAF1 /* LaunchScreen.storyboard */ = {
			isa = PBXVariantGroup;
			children = (
				1858C20A1FAABC2E00DFBAF1 /* Base */,
			);
			name = LaunchScreen.storyboard;
			sourceTree = "<group>";
		};
/* End PBXVariantGroup section */

/* Begin XCBuildConfiguration section */
		183EF0D71F57C35F00E21DB4 /* Debug */ = {
			isa = XCBuildConfiguration;
			buildSettings = {
				ALWAYS_SEARCH_USER_PATHS = NO;
				CLANG_ANALYZER_NONNULL = YES;
				CLANG_CXX_LANGUAGE_STANDARD = "gnu++0x";
				CLANG_CXX_LIBRARY = "libc++";
				CLANG_ENABLE_MODULES = YES;
				CLANG_ENABLE_OBJC_ARC = YES;
				CLANG_WARN_BOOL_CONVERSION = YES;
				CLANG_WARN_CONSTANT_CONVERSION = YES;
				CLANG_WARN_DIRECT_OBJC_ISA_USAGE = YES_ERROR;
				CLANG_WARN_DOCUMENTATION_COMMENTS = YES;
				CLANG_WARN_EMPTY_BODY = YES;
				CLANG_WARN_ENUM_CONVERSION = YES;
				CLANG_WARN_INFINITE_RECURSION = YES;
				CLANG_WARN_INT_CONVERSION = YES;
				CLANG_WARN_OBJC_ROOT_CLASS = YES_ERROR;
				CLANG_WARN_SUSPICIOUS_MOVES = YES;
				CLANG_WARN_UNREACHABLE_CODE = YES;
				CLANG_WARN__DUPLICATE_METHOD_MATCH = YES;
				"CODE_SIGN_IDENTITY[sdk=iphoneos*]" = "iPhone Developer";
				COPY_PHASE_STRIP = NO;
				DEBUG_INFORMATION_FORMAT = dwarf;
				ENABLE_STRICT_OBJC_MSGSEND = YES;
				ENABLE_TESTABILITY = YES;
				GCC_C_LANGUAGE_STANDARD = gnu99;
				GCC_DYNAMIC_NO_PIC = NO;
				GCC_NO_COMMON_BLOCKS = YES;
				GCC_OPTIMIZATION_LEVEL = 0;
				GCC_PREPROCESSOR_DEFINITIONS = (
					"DEBUG=1",
					"$(inherited)",
				);
				GCC_WARN_64_TO_32_BIT_CONVERSION = YES;
				GCC_WARN_ABOUT_RETURN_TYPE = YES_ERROR;
				GCC_WARN_UNDECLARED_SELECTOR = YES;
				GCC_WARN_UNINITIALIZED_AUTOS = YES_AGGRESSIVE;
				GCC_WARN_UNUSED_FUNCTION = YES;
				GCC_WARN_UNUSED_VARIABLE = YES;
				IPHONEOS_DEPLOYMENT_TARGET = 10.1;
				MTL_ENABLE_DEBUG_INFO = YES;
				ONLY_ACTIVE_ARCH = YES;
				SDKROOT = iphoneos;
				TARGETED_DEVICE_FAMILY = "1,2";
			};
			name = Debug;
		};
		183EF0D81F57C35F00E21DB4 /* Release */ = {
			isa = XCBuildConfiguration;
			buildSettings = {
				ALWAYS_SEARCH_USER_PATHS = NO;
				CLANG_ANALYZER_NONNULL = YES;
				CLANG_CXX_LANGUAGE_STANDARD = "gnu++0x";
				CLANG_CXX_LIBRARY = "libc++";
				CLANG_ENABLE_MODULES = YES;
				CLANG_ENABLE_OBJC_ARC = YES;
				CLANG_WARN_BOOL_CONVERSION = YES;
				CLANG_WARN_CONSTANT_CONVERSION = YES;
				CLANG_WARN_DIRECT_OBJC_ISA_USAGE = YES_ERROR;
				CLANG_WARN_DOCUMENTATION_COMMENTS = YES;
				CLANG_WARN_EMPTY_BODY = YES;
				CLANG_WARN_ENUM_CONVERSION = YES;
				CLANG_WARN_INFINITE_RECURSION = YES;
				CLANG_WARN_INT_CONVERSION = YES;
				CLANG_WARN_OBJC_ROOT_CLASS = YES_ERROR;
				CLANG_WARN_SUSPICIOUS_MOVES = YES;
				CLANG_WARN_UNREACHABLE_CODE = YES;
				CLANG_WARN__DUPLICATE_METHOD_MATCH = YES;
				"CODE_SIGN_IDENTITY[sdk=iphoneos*]" = "iPhone Developer";
				COPY_PHASE_STRIP = NO;
				DEBUG_INFORMATION_FORMAT = "dwarf-with-dsym";
				ENABLE_NS_ASSERTIONS = NO;
				ENABLE_STRICT_OBJC_MSGSEND = YES;
				GCC_C_LANGUAGE_STANDARD = gnu99;
				GCC_NO_COMMON_BLOCKS = YES;
				GCC_WARN_64_TO_32_BIT_CONVERSION = YES;
				GCC_WARN_ABOUT_RETURN_TYPE = YES_ERROR;
				GCC_WARN_UNDECLARED_SELECTOR = YES;
				GCC_WARN_UNINITIALIZED_AUTOS = YES_AGGRESSIVE;
				GCC_WARN_UNUSED_FUNCTION = YES;
				GCC_WARN_UNUSED_VARIABLE = YES;
				IPHONEOS_DEPLOYMENT_TARGET = 10.1;
				MTL_ENABLE_DEBUG_INFO = NO;
				SDKROOT = iphoneos;
				TARGETED_DEVICE_FAMILY = "1,2";
				VALIDATE_PRODUCT = YES;
			};
			name = Release;
		};
		1858C20D1FAABC2E00DFBAF1 /* Debug */ = {
			isa = XCBuildConfiguration;
			buildSettings = {
				ASSETCATALOG_COMPILER_APPICON_NAME = AppIcon;
				DEVELOPMENT_TEAM = W2TP34G2MM;
				INFOPLIST_FILE = AudioMusicMixer/Info.plist;
				IPHONEOS_DEPLOYMENT_TARGET = 9.0;
				LD_RUNPATH_SEARCH_PATHS = "$(inherited) @executable_path/Frameworks";
				PRODUCT_BUNDLE_IDENTIFIER = shiwei.AudioMusicMixer;
				PRODUCT_NAME = "$(TARGET_NAME)";
			};
			name = Debug;
		};
		1858C20E1FAABC2E00DFBAF1 /* Release */ = {
			isa = XCBuildConfiguration;
			buildSettings = {
				ASSETCATALOG_COMPILER_APPICON_NAME = AppIcon;
				DEVELOPMENT_TEAM = W2TP34G2MM;
				INFOPLIST_FILE = AudioMusicMixer/Info.plist;
				IPHONEOS_DEPLOYMENT_TARGET = 9.0;
				LD_RUNPATH_SEARCH_PATHS = "$(inherited) @executable_path/Frameworks";
				PRODUCT_BUNDLE_IDENTIFIER = shiwei.AudioMusicMixer;
				PRODUCT_NAME = "$(TARGET_NAME)";
			};
			name = Release;
		};
/* End XCBuildConfiguration section */

/* Begin XCConfigurationList section */
		183EF0BD1F57C35F00E21DB4 /* Build configuration list for PBXProject "VideoGather" */ = {
			isa = XCConfigurationList;
			buildConfigurations = (
				183EF0D71F57C35F00E21DB4 /* Debug */,
				183EF0D81F57C35F00E21DB4 /* Release */,
			);
			defaultConfigurationIsVisible = 0;
			defaultConfigurationName = Release;
		};
		1858C20F1FAABC2E00DFBAF1 /* Build configuration list for PBXNativeTarget "AudioMusicMixer" */ = {
			isa = XCConfigurationList;
			buildConfigurations = (
				1858C20D1FAABC2E00DFBAF1 /* Debug */,
				1858C20E1FAABC2E00DFBAF1 /* Release */,
			);
			defaultConfigurationIsVisible = 0;
			defaultConfigurationName = Release;
		};
/* End XCConfigurationList section */
	};
	rootObject = 183EF0BA1F57C35F00E21DB4 /* Project object */;
}
